GIT
  remote: git://github.com/rails/rails.git
  revision: d440fa07dc9b20880d0f22071319d8a9babe4e6b
  specs:
    activemodel (4.1.0.beta)
      activesupport (= 4.1.0.beta)
      builder (~> 3.1.0)
    activerecord (4.1.0.beta)
      activemodel (= 4.1.0.beta)
      activerecord-deprecated_finders (~> 1.0.2)
      activesupport (= 4.1.0.beta)
      arel (~> 4.0.0)
    activesupport (4.1.0.beta)
      i18n (~> 0.6, >= 0.6.4)
      json (~> 1.7)
      minitest (~> 5.0)
      thread_safe (~> 0.1)
      tzinfo (~> 0.3.37)

PATH
  remote: /Users/kencollins/Repositories/store_configurable
  specs:
    store_configurable (3.2.2)
      activerecord (>= 3.2)

GEM
  remote: http://rubygems.org/
  specs:
    activerecord-deprecated_finders (1.0.2)
    appraisal (0.5.2)
      bundler
      rake
    arel (4.0.0)
    atomic (1.1.9)
    builder (3.1.4)
    i18n (0.6.4)
    json (1.8.0)
    minitest (5.0.2)
    rake (10.0.4)
    sqlite3 (1.3.7)
    thread_safe (0.1.0)
      atomic
    tzinfo (0.3.37)

PLATFORMS
  ruby

DEPENDENCIES
  activerecord!
  appraisal
  minitest (~> 5.0)
  rake
  sqlite3
  store_configurable!
